
Microsoft Visual Studio Solution File, Format Version 12.00
# Visual Studio Version 17
VisualStudioVersion = 17.5.002.0
MinimumVisualStudioVersion = 10.0.40219.1
Project("{9A19103F-16F7-4668-BE54-9A1E7A4F7556}") = "PlaylistApi", "PlaylistApi.csproj", "{FADED7C0-EF08-4EE4-ADCB-7F7AAB951802}"
EndProject
Global
	GlobalSection(SolutionConfigurationPlatforms) = preSolution
		Debug|Any CPU = Debug|Any CPU
		Release|Any CPU = Release|Any CPU
	EndGlobalSection
	GlobalSection(ProjectConfigurationPlatforms) = postSolution
		{FADED7C0-EF08-4EE4-ADCB-7F7AAB951802}.Debug|Any CPU.ActiveCfg = Debug|Any CPU
		{FADED7C0-EF08-4EE4-ADCB-7F7AAB951802}.Debug|Any CPU.Build.0 = Debug|Any CPU
		{FADED7C0-EF08-4EE4-ADCB-7F7AAB951802}.Release|Any CPU.ActiveCfg = Release|Any CPU
		{FADED7C0-EF08-4EE4-ADCB-7F7AAB951802}.Release|Any CPU.Build.0 = Release|Any CPU
	EndGlobalSection
	GlobalSection(SolutionProperties) = preSolution
		HideSolutionNode = FALSE
	EndGlobalSection
	GlobalSection(ExtensibilityGlobals) = postSolution
		SolutionGuid = {460447A4-15A4-4BA0-8959-32AC4A2B6E55}
	EndGlobalSection
EndGlobal
